
Microsoft Visual Studio Solution File, Format Version 12.00
# Visual Studio Version 17
VisualStudioVersion = 17.1.32421.90
MinimumVisualStudioVersion = 10.0.40219.1
Project("{9A19103F-16F7-4668-BE54-9A1E7A4F7556}") = "Exemplo 01", "Exemplo 01\Exemplo 01.csproj", "{4BCFE381-B0D5-4353-83F5-BD7054889156}"
EndProject
Project("{9A19103F-16F7-4668-BE54-9A1E7A4F7556}") = "Exemplo 02", "Exemplo 02\Exemplo 02.csproj", "{392CAB9F-7745-4D7F-B81A-93C9D85615EA}"
EndProject
Project("{9A19103F-16F7-4668-BE54-9A1E7A4F7556}") = "Exemplo 03", "Exemplo 03\Exemplo 03.csproj", "{69319CAF-ED1B-4AC4-BC7C-7F0ABDA5BD18}"
EndProject
Project("{FAE04EC0-301F-11D3-BF4B-00C04F79EFBC}") = "Exemplo 04 Banco de Dados", "Exemplo 04 Banco de Dados\Exemplo 04 Banco de Dados.csproj", "{890C25AC-683E-4EFF-8ADA-6111A051F9E1}"
EndProject
Global
	GlobalSection(SolutionConfigurationPlatforms) = preSolution
		Debug|Any CPU = Debug|Any CPU
		Release|Any CPU = Release|Any CPU
	EndGlobalSection
	GlobalSection(ProjectConfigurationPlatforms) = postSolution
		{4BCFE381-B0D5-4353-83F5-BD7054889156}.Debug|Any CPU.ActiveCfg = Debug|Any CPU
		{4BCFE381-B0D5-4353-83F5-BD7054889156}.Debug|Any CPU.Build.0 = Debug|Any CPU
		{4BCFE381-B0D5-4353-83F5-BD7054889156}.Release|Any CPU.ActiveCfg = Release|Any CPU
		{4BCFE381-B0D5-4353-83F5-BD7054889156}.Release|Any CPU.Build.0 = Release|Any CPU
		{392CAB9F-7745-4D7F-B81A-93C9D85615EA}.Debug|Any CPU.ActiveCfg = Debug|Any CPU
		{392CAB9F-7745-4D7F-B81A-93C9D85615EA}.Debug|Any CPU.Build.0 = Debug|Any CPU
		{392CAB9F-7745-4D7F-B81A-93C9D85615EA}.Release|Any CPU.ActiveCfg = Release|Any CPU
		{392CAB9F-7745-4D7F-B81A-93C9D85615EA}.Release|Any CPU.Build.0 = Release|Any CPU
		{69319CAF-ED1B-4AC4-BC7C-7F0ABDA5BD18}.Debug|Any CPU.ActiveCfg = Debug|Any CPU
		{69319CAF-ED1B-4AC4-BC7C-7F0ABDA5BD18}.Debug|Any CPU.Build.0 = Debug|Any CPU
		{69319CAF-ED1B-4AC4-BC7C-7F0ABDA5BD18}.Release|Any CPU.ActiveCfg = Release|Any CPU
		{69319CAF-ED1B-4AC4-BC7C-7F0ABDA5BD18}.Release|Any CPU.Build.0 = Release|Any CPU
		{890C25AC-683E-4EFF-8ADA-6111A051F9E1}.Debug|Any CPU.ActiveCfg = Debug|Any CPU
		{890C25AC-683E-4EFF-8ADA-6111A051F9E1}.Debug|Any CPU.Build.0 = Debug|Any CPU
		{890C25AC-683E-4EFF-8ADA-6111A051F9E1}.Release|Any CPU.ActiveCfg = Release|Any CPU
		{890C25AC-683E-4EFF-8ADA-6111A051F9E1}.Release|Any CPU.Build.0 = Release|Any CPU
	EndGlobalSection
	GlobalSection(SolutionProperties) = preSolution
		HideSolutionNode = FALSE
	EndGlobalSection
	GlobalSection(ExtensibilityGlobals) = postSolution
		SolutionGuid = {B9991DB8-B3A5-49B0-9B72-69D210F27EF6}
	EndGlobalSection
EndGlobal
