
Microsoft Visual Studio Solution File, Format Version 12.00
# Visual Studio Version 17
VisualStudioVersion = 17.1.32421.90
MinimumVisualStudioVersion = 10.0.40219.1
Project("{9A19103F-16F7-4668-BE54-9A1E7A4F7556}") = "01 - Estrutura de escolha", "01 - Estrutura de escolha\01 - Estrutura de escolha.csproj", "{A6E015ED-6F92-4522-9FB5-4739B076D5D6}"
EndProject
Project("{9A19103F-16F7-4668-BE54-9A1E7A4F7556}") = "02 - Laço While", "02 - Laço While\02 - Laço While.csproj", "{298DC6A5-00CF-4EB9-8B5A-DE8D6D73E46D}"
EndProject
Project("{9A19103F-16F7-4668-BE54-9A1E7A4F7556}") = "03 - Laço Do While", "03 - Laço Do While\03 - Laço Do While.csproj", "{820923A8-79BC-48E0-82BC-EC7DED1C4426}"
EndProject
Project("{9A19103F-16F7-4668-BE54-9A1E7A4F7556}") = "04 - Laço For", "04 - Laço For\04 - Laço For.csproj", "{078AFF23-9EB1-46A0-B0C8-6DDF48667B76}"
EndProject
Project("{9A19103F-16F7-4668-BE54-9A1E7A4F7556}") = "05 - Loop Infinito", "05 - Loop Infinito\05 - Loop Infinito.csproj", "{3CE01A1D-67AE-47D5-8F5D-D846F5C3A231}"
EndProject
Project("{9A19103F-16F7-4668-BE54-9A1E7A4F7556}") = "Exercício - 10", "Exercício - 10\Exercício - 10.csproj", "{7CD73A1D-EDDE-4729-9511-B7572150F4D7}"
EndProject
Project("{9A19103F-16F7-4668-BE54-9A1E7A4F7556}") = "Exercício - 11", "Exercício - 11\Exercício - 11.csproj", "{E6DA2C9E-680B-4340-B0F5-4AA5097F13F3}"
EndProject
Project("{9A19103F-16F7-4668-BE54-9A1E7A4F7556}") = "Exercício - 12", "Exercício - 12\Exercício - 12.csproj", "{F221B5E2-E447-49A4-9375-1002C4600D7D}"
EndProject
Project("{9A19103F-16F7-4668-BE54-9A1E7A4F7556}") = "Exercício - 01", "Exercício - 01\Exercício - 01.csproj", "{FA51B494-928E-48D6-A179-4A5D8965FB6C}"
EndProject
Project("{9A19103F-16F7-4668-BE54-9A1E7A4F7556}") = "Exercício - 02", "Exercício - 02\Exercício - 02.csproj", "{4492B563-41AE-4A1D-8AAB-3A70804303C5}"
EndProject
Project("{9A19103F-16F7-4668-BE54-9A1E7A4F7556}") = "Exercício - 03", "Exercício - 03\Exercício - 03.csproj", "{765790DB-4554-4428-8227-20D2F880B8A5}"
EndProject
Project("{9A19103F-16F7-4668-BE54-9A1E7A4F7556}") = "Exercício - 04", "Exercício - 04\Exercício - 04.csproj", "{2D1F192E-B2FD-4BED-9379-23AE45B597A9}"
EndProject
Project("{9A19103F-16F7-4668-BE54-9A1E7A4F7556}") = "Exercício - 05", "Exercício - 05\Exercício - 05.csproj", "{B976ABF0-BA36-4B2D-8051-503376EDBF8C}"
EndProject
Project("{9A19103F-16F7-4668-BE54-9A1E7A4F7556}") = "Exercício - 06", "Exercício - 06\Exercício - 06.csproj", "{4153455A-6720-4516-BC89-B401FBFE8B9B}"
EndProject
Project("{9A19103F-16F7-4668-BE54-9A1E7A4F7556}") = "Exercício - 07", "Exercício - 07\Exercício - 07.csproj", "{0941F3F1-61B9-45C1-BA12-2AA208073820}"
EndProject
Project("{9A19103F-16F7-4668-BE54-9A1E7A4F7556}") = "Exercício - 08", "Exercício - 08\Exercício - 08.csproj", "{C06A299A-9DC9-40EE-89CC-CF9B486CAF62}"
EndProject
Project("{9A19103F-16F7-4668-BE54-9A1E7A4F7556}") = "Exercício - 09", "Exercício - 09\Exercício - 09.csproj", "{148DCA80-C8E8-40B5-A4B0-85D8F39D16E3}"
EndProject
Project("{9A19103F-16F7-4668-BE54-9A1E7A4F7556}") = "Exercício - 13", "Exercício - 13\Exercício - 13.csproj", "{6C8767B9-5CD2-4A62-9287-350BE68F24E2}"
EndProject
Project("{9A19103F-16F7-4668-BE54-9A1E7A4F7556}") = "Exercício - 14", "Exercício - 14\Exercício - 14.csproj", "{C7F682CB-59BA-4D38-958A-91627E8FEC79}"
EndProject
Project("{9A19103F-16F7-4668-BE54-9A1E7A4F7556}") = "Exercício - 15", "Exercício - 15\Exercício - 15.csproj", "{213999F0-E762-4D88-85BB-13359EA26050}"
EndProject
Project("{9A19103F-16F7-4668-BE54-9A1E7A4F7556}") = "Ambiente", "Ambiente\Ambiente.csproj", "{5F15690F-CC55-45C6-AF1D-CEC6A5505AFD}"
EndProject
Project("{9A19103F-16F7-4668-BE54-9A1E7A4F7556}") = "Exercício - 16", "Exercício - 16\Exercício - 16.csproj", "{B19ABEC7-C567-4F96-8B08-ED7382E9DE4A}"
EndProject
Project("{FAE04EC0-301F-11D3-BF4B-00C04F79EFBC}") = "Avaliação - 01", "Prova - 01 [ 27-05-2022 ]\Avaliação - 01.csproj", "{822F7624-D6C5-4312-9911-2EF8C5E1C5F4}"
EndProject
Global
	GlobalSection(SolutionConfigurationPlatforms) = preSolution
		Debug|Any CPU = Debug|Any CPU
		Release|Any CPU = Release|Any CPU
	EndGlobalSection
	GlobalSection(ProjectConfigurationPlatforms) = postSolution
		{A6E015ED-6F92-4522-9FB5-4739B076D5D6}.Debug|Any CPU.ActiveCfg = Debug|Any CPU
		{A6E015ED-6F92-4522-9FB5-4739B076D5D6}.Debug|Any CPU.Build.0 = Debug|Any CPU
		{A6E015ED-6F92-4522-9FB5-4739B076D5D6}.Release|Any CPU.ActiveCfg = Release|Any CPU
		{A6E015ED-6F92-4522-9FB5-4739B076D5D6}.Release|Any CPU.Build.0 = Release|Any CPU
		{298DC6A5-00CF-4EB9-8B5A-DE8D6D73E46D}.Debug|Any CPU.ActiveCfg = Debug|Any CPU
		{298DC6A5-00CF-4EB9-8B5A-DE8D6D73E46D}.Debug|Any CPU.Build.0 = Debug|Any CPU
		{298DC6A5-00CF-4EB9-8B5A-DE8D6D73E46D}.Release|Any CPU.ActiveCfg = Release|Any CPU
		{298DC6A5-00CF-4EB9-8B5A-DE8D6D73E46D}.Release|Any CPU.Build.0 = Release|Any CPU
		{820923A8-79BC-48E0-82BC-EC7DED1C4426}.Debug|Any CPU.ActiveCfg = Debug|Any CPU
		{820923A8-79BC-48E0-82BC-EC7DED1C4426}.Debug|Any CPU.Build.0 = Debug|Any CPU
		{820923A8-79BC-48E0-82BC-EC7DED1C4426}.Release|Any CPU.ActiveCfg = Release|Any CPU
		{820923A8-79BC-48E0-82BC-EC7DED1C4426}.Release|Any CPU.Build.0 = Release|Any CPU
		{078AFF23-9EB1-46A0-B0C8-6DDF48667B76}.Debug|Any CPU.ActiveCfg = Debug|Any CPU
		{078AFF23-9EB1-46A0-B0C8-6DDF48667B76}.Debug|Any CPU.Build.0 = Debug|Any CPU
		{078AFF23-9EB1-46A0-B0C8-6DDF48667B76}.Release|Any CPU.ActiveCfg = Release|Any CPU
		{078AFF23-9EB1-46A0-B0C8-6DDF48667B76}.Release|Any CPU.Build.0 = Release|Any CPU
		{3CE01A1D-67AE-47D5-8F5D-D846F5C3A231}.Debug|Any CPU.ActiveCfg = Debug|Any CPU
		{3CE01A1D-67AE-47D5-8F5D-D846F5C3A231}.Debug|Any CPU.Build.0 = Debug|Any CPU
		{3CE01A1D-67AE-47D5-8F5D-D846F5C3A231}.Release|Any CPU.ActiveCfg = Release|Any CPU
		{3CE01A1D-67AE-47D5-8F5D-D846F5C3A231}.Release|Any CPU.Build.0 = Release|Any CPU
		{7CD73A1D-EDDE-4729-9511-B7572150F4D7}.Debug|Any CPU.ActiveCfg = Debug|Any CPU
		{7CD73A1D-EDDE-4729-9511-B7572150F4D7}.Debug|Any CPU.Build.0 = Debug|Any CPU
		{7CD73A1D-EDDE-4729-9511-B7572150F4D7}.Release|Any CPU.ActiveCfg = Release|Any CPU
		{7CD73A1D-EDDE-4729-9511-B7572150F4D7}.Release|Any CPU.Build.0 = Release|Any CPU
		{E6DA2C9E-680B-4340-B0F5-4AA5097F13F3}.Debug|Any CPU.ActiveCfg = Debug|Any CPU
		{E6DA2C9E-680B-4340-B0F5-4AA5097F13F3}.Debug|Any CPU.Build.0 = Debug|Any CPU
		{E6DA2C9E-680B-4340-B0F5-4AA5097F13F3}.Release|Any CPU.ActiveCfg = Release|Any CPU
		{E6DA2C9E-680B-4340-B0F5-4AA5097F13F3}.Release|Any CPU.Build.0 = Release|Any CPU
		{F221B5E2-E447-49A4-9375-1002C4600D7D}.Debug|Any CPU.ActiveCfg = Debug|Any CPU
		{F221B5E2-E447-49A4-9375-1002C4600D7D}.Debug|Any CPU.Build.0 = Debug|Any CPU
		{F221B5E2-E447-49A4-9375-1002C4600D7D}.Release|Any CPU.ActiveCfg = Release|Any CPU
		{F221B5E2-E447-49A4-9375-1002C4600D7D}.Release|Any CPU.Build.0 = Release|Any CPU
		{FA51B494-928E-48D6-A179-4A5D8965FB6C}.Debug|Any CPU.ActiveCfg = Debug|Any CPU
		{FA51B494-928E-48D6-A179-4A5D8965FB6C}.Debug|Any CPU.Build.0 = Debug|Any CPU
		{FA51B494-928E-48D6-A179-4A5D8965FB6C}.Release|Any CPU.ActiveCfg = Release|Any CPU
		{FA51B494-928E-48D6-A179-4A5D8965FB6C}.Release|Any CPU.Build.0 = Release|Any CPU
		{4492B563-41AE-4A1D-8AAB-3A70804303C5}.Debug|Any CPU.ActiveCfg = Debug|Any CPU
		{4492B563-41AE-4A1D-8AAB-3A70804303C5}.Debug|Any CPU.Build.0 = Debug|Any CPU
		{4492B563-41AE-4A1D-8AAB-3A70804303C5}.Release|Any CPU.ActiveCfg = Release|Any CPU
		{4492B563-41AE-4A1D-8AAB-3A70804303C5}.Release|Any CPU.Build.0 = Release|Any CPU
		{765790DB-4554-4428-8227-20D2F880B8A5}.Debug|Any CPU.ActiveCfg = Debug|Any CPU
		{765790DB-4554-4428-8227-20D2F880B8A5}.Debug|Any CPU.Build.0 = Debug|Any CPU
		{765790DB-4554-4428-8227-20D2F880B8A5}.Release|Any CPU.ActiveCfg = Release|Any CPU
		{765790DB-4554-4428-8227-20D2F880B8A5}.Release|Any CPU.Build.0 = Release|Any CPU
		{2D1F192E-B2FD-4BED-9379-23AE45B597A9}.Debug|Any CPU.ActiveCfg = Debug|Any CPU
		{2D1F192E-B2FD-4BED-9379-23AE45B597A9}.Debug|Any CPU.Build.0 = Debug|Any CPU
		{2D1F192E-B2FD-4BED-9379-23AE45B597A9}.Release|Any CPU.ActiveCfg = Release|Any CPU
		{2D1F192E-B2FD-4BED-9379-23AE45B597A9}.Release|Any CPU.Build.0 = Release|Any CPU
		{B976ABF0-BA36-4B2D-8051-503376EDBF8C}.Debug|Any CPU.ActiveCfg = Debug|Any CPU
		{B976ABF0-BA36-4B2D-8051-503376EDBF8C}.Debug|Any CPU.Build.0 = Debug|Any CPU
		{B976ABF0-BA36-4B2D-8051-503376EDBF8C}.Release|Any CPU.ActiveCfg = Release|Any CPU
		{B976ABF0-BA36-4B2D-8051-503376EDBF8C}.Release|Any CPU.Build.0 = Release|Any CPU
		{4153455A-6720-4516-BC89-B401FBFE8B9B}.Debug|Any CPU.ActiveCfg = Debug|Any CPU
		{4153455A-6720-4516-BC89-B401FBFE8B9B}.Debug|Any CPU.Build.0 = Debug|Any CPU
		{4153455A-6720-4516-BC89-B401FBFE8B9B}.Release|Any CPU.ActiveCfg = Release|Any CPU
		{4153455A-6720-4516-BC89-B401FBFE8B9B}.Release|Any CPU.Build.0 = Release|Any CPU
		{0941F3F1-61B9-45C1-BA12-2AA208073820}.Debug|Any CPU.ActiveCfg = Debug|Any CPU
		{0941F3F1-61B9-45C1-BA12-2AA208073820}.Debug|Any CPU.Build.0 = Debug|Any CPU
		{0941F3F1-61B9-45C1-BA12-2AA208073820}.Release|Any CPU.ActiveCfg = Release|Any CPU
		{0941F3F1-61B9-45C1-BA12-2AA208073820}.Release|Any CPU.Build.0 = Release|Any CPU
		{C06A299A-9DC9-40EE-89CC-CF9B486CAF62}.Debug|Any CPU.ActiveCfg = Debug|Any CPU
		{C06A299A-9DC9-40EE-89CC-CF9B486CAF62}.Debug|Any CPU.Build.0 = Debug|Any CPU
		{C06A299A-9DC9-40EE-89CC-CF9B486CAF62}.Release|Any CPU.ActiveCfg = Release|Any CPU
		{C06A299A-9DC9-40EE-89CC-CF9B486CAF62}.Release|Any CPU.Build.0 = Release|Any CPU
		{148DCA80-C8E8-40B5-A4B0-85D8F39D16E3}.Debug|Any CPU.ActiveCfg = Debug|Any CPU
		{148DCA80-C8E8-40B5-A4B0-85D8F39D16E3}.Debug|Any CPU.Build.0 = Debug|Any CPU
		{148DCA80-C8E8-40B5-A4B0-85D8F39D16E3}.Release|Any CPU.ActiveCfg = Release|Any CPU
		{148DCA80-C8E8-40B5-A4B0-85D8F39D16E3}.Release|Any CPU.Build.0 = Release|Any CPU
		{6C8767B9-5CD2-4A62-9287-350BE68F24E2}.Debug|Any CPU.ActiveCfg = Debug|Any CPU
		{6C8767B9-5CD2-4A62-9287-350BE68F24E2}.Debug|Any CPU.Build.0 = Debug|Any CPU
		{6C8767B9-5CD2-4A62-9287-350BE68F24E2}.Release|Any CPU.ActiveCfg = Release|Any CPU
		{6C8767B9-5CD2-4A62-9287-350BE68F24E2}.Release|Any CPU.Build.0 = Release|Any CPU
		{C7F682CB-59BA-4D38-958A-91627E8FEC79}.Debug|Any CPU.ActiveCfg = Debug|Any CPU
		{C7F682CB-59BA-4D38-958A-91627E8FEC79}.Debug|Any CPU.Build.0 = Debug|Any CPU
		{C7F682CB-59BA-4D38-958A-91627E8FEC79}.Release|Any CPU.ActiveCfg = Release|Any CPU
		{C7F682CB-59BA-4D38-958A-91627E8FEC79}.Release|Any CPU.Build.0 = Release|Any CPU
		{213999F0-E762-4D88-85BB-13359EA26050}.Debug|Any CPU.ActiveCfg = Debug|Any CPU
		{213999F0-E762-4D88-85BB-13359EA26050}.Debug|Any CPU.Build.0 = Debug|Any CPU
		{213999F0-E762-4D88-85BB-13359EA26050}.Release|Any CPU.ActiveCfg = Release|Any CPU
		{213999F0-E762-4D88-85BB-13359EA26050}.Release|Any CPU.Build.0 = Release|Any CPU
		{5F15690F-CC55-45C6-AF1D-CEC6A5505AFD}.Debug|Any CPU.ActiveCfg = Debug|Any CPU
		{5F15690F-CC55-45C6-AF1D-CEC6A5505AFD}.Debug|Any CPU.Build.0 = Debug|Any CPU
		{5F15690F-CC55-45C6-AF1D-CEC6A5505AFD}.Release|Any CPU.ActiveCfg = Release|Any CPU
		{5F15690F-CC55-45C6-AF1D-CEC6A5505AFD}.Release|Any CPU.Build.0 = Release|Any CPU
		{B19ABEC7-C567-4F96-8B08-ED7382E9DE4A}.Debug|Any CPU.ActiveCfg = Debug|Any CPU
		{B19ABEC7-C567-4F96-8B08-ED7382E9DE4A}.Debug|Any CPU.Build.0 = Debug|Any CPU
		{B19ABEC7-C567-4F96-8B08-ED7382E9DE4A}.Release|Any CPU.ActiveCfg = Release|Any CPU
		{B19ABEC7-C567-4F96-8B08-ED7382E9DE4A}.Release|Any CPU.Build.0 = Release|Any CPU
		{822F7624-D6C5-4312-9911-2EF8C5E1C5F4}.Debug|Any CPU.ActiveCfg = Debug|Any CPU
		{822F7624-D6C5-4312-9911-2EF8C5E1C5F4}.Debug|Any CPU.Build.0 = Debug|Any CPU
		{822F7624-D6C5-4312-9911-2EF8C5E1C5F4}.Release|Any CPU.ActiveCfg = Release|Any CPU
		{822F7624-D6C5-4312-9911-2EF8C5E1C5F4}.Release|Any CPU.Build.0 = Release|Any CPU
	EndGlobalSection
	GlobalSection(SolutionProperties) = preSolution
		HideSolutionNode = FALSE
	EndGlobalSection
	GlobalSection(ExtensibilityGlobals) = postSolution
		SolutionGuid = {39A5216F-A711-464F-A237-D3FC30B96384}
	EndGlobalSection
EndGlobal
